
Microsoft Visual Studio Solution File, Format Version 12.00
# Visual Studio Version 17
VisualStudioVersion = 17.4.33103.184
MinimumVisualStudioVersion = 10.0.40219.1
Project("{FAE04EC0-301F-11D3-BF4B-00C04F79EFBC}") = "PR_10", "PR_10\PR_10.csproj", "{C625BE3A-41D8-48B4-8E70-5943EC276D52}"
EndProject
Global
	GlobalSection(SolutionConfigurationPlatforms) = preSolution
		Debug|Any CPU = Debug|Any CPU
		Release|Any CPU = Release|Any CPU
	EndGlobalSection
	GlobalSection(ProjectConfigurationPlatforms) = postSolution
		{C625BE3A-41D8-48B4-8E70-5943EC276D52}.Debug|Any CPU.ActiveCfg = Debug|Any CPU
		{C625BE3A-41D8-48B4-8E70-5943EC276D52}.Debug|Any CPU.Build.0 = Debug|Any CPU
		{C625BE3A-41D8-48B4-8E70-5943EC276D52}.Release|Any CPU.ActiveCfg = Release|Any CPU
		{C625BE3A-41D8-48B4-8E70-5943EC276D52}.Release|Any CPU.Build.0 = Release|Any CPU
	EndGlobalSection
	GlobalSection(SolutionProperties) = preSolution
		HideSolutionNode = FALSE
	EndGlobalSection
	GlobalSection(ExtensibilityGlobals) = postSolution
		SolutionGuid = {54536840-7B31-4846-AF3F-37DFB701D709}
	EndGlobalSection
EndGlobal
